<?xml version="1.0" encoding="gb2312"?>
<Project ToolsVersion="4.0" xmlns="http://schemas.microsoft.com/developer/msbuild/2003">
  <ItemGroup>
    <Filter Include="headers">
      <UniqueIdentifier>{1767C0D5-7F9C-427B-84FA-44B4745C12D0}</UniqueIdentifier>
    </Filter>
    <Filter Include="source">
      <UniqueIdentifier>{8934C957-0E6B-4C2D-91C2-159B97E54514}</UniqueIdentifier>
    </Filter>
    <Filter Include="data_headers">
      <UniqueIdentifier>{721888DF-9D65-4E32-9A77-41C89C7F8993}</UniqueIdentifier>
    </Filter>
    <Filter Include="docs_and_data">
      <UniqueIdentifier>{A020DA39-1F56-43E6-BB50-809C59F24800}</UniqueIdentifier>
    </Filter>
  </ItemGroup>
  <ItemGroup>
    <ClInclude Include="include\auxiliary_trait.h">
      <Filter>headers</Filter>
    </ClInclude>
    <ClInclude Include="include\print.h">
      <Filter>headers</Filter>
    </ClInclude>
    <ClInclude Include="include\data_repository.h">
      <Filter>headers</Filter>
    </ClInclude>
    <ClInclude Include="include\easyx_ui.h">
      <Filter>headers</Filter>
    </ClInclude>
    <ClInclude Include="include\first_chase_app.h">
      <Filter>headers</Filter>
    </ClInclude>
    <ClInclude Include="include\first_chase_analyzer.h">
      <Filter>headers</Filter>
    </ClInclude>
    <ClInclude Include="include\game_map.h">
      <Filter>headers</Filter>
    </ClInclude>
    <ClInclude Include="include\hunter.h">
      <Filter>headers</Filter>
    </ClInclude>
    <ClInclude Include="include\survivor.h">
      <Filter>headers</Filter>
    </ClInclude>
    <ClInclude Include="include\report_writer.h">
      <Filter>headers</Filter>
    </ClInclude>
    <ClInclude Include="include\model_params.h">
      <Filter>headers</Filter>
    </ClInclude>
    <ClInclude Include="include\score_calculator.h">
      <Filter>headers</Filter>
    </ClInclude>
    <ClInclude Include="include\hunter_data.h">
      <Filter>data_headers</Filter>
    </ClInclude>
    <ClInclude Include="include\map_data.h">
      <Filter>data_headers</Filter>
    </ClInclude>
    <ClInclude Include="include\map_geometry_data.h">
      <Filter>data_headers</Filter>
    </ClInclude>
    <ClInclude Include="include\survivor_data.h">
      <Filter>data_headers</Filter>
    </ClInclude>
    <ClInclude Include="include\auxiliary_trait_data.h">
      <Filter>data_headers</Filter>
    </ClInclude>
  </ItemGroup>
  <ItemGroup>
    <ClCompile Include="src\auxiliary_trait.cpp">
      <Filter>source</Filter>
    </ClCompile>
    <ClCompile Include="src\data_repository.cpp">
      <Filter>source</Filter>
    </ClCompile>
    <ClCompile Include="src\easyx_ui.cpp">
      <Filter>source</Filter>
    </ClCompile>
    <ClCompile Include="src\first_chase_app.cpp">
      <Filter>source</Filter>
    </ClCompile>
    <ClCompile Include="src\first_chase_analyzer.cpp">
      <Filter>source</Filter>
    </ClCompile>
    <ClCompile Include="src\game_map.cpp">
      <Filter>source</Filter>
    </ClCompile>
    <ClCompile Include="src\hunter.cpp">
      <Filter>source</Filter>
    </ClCompile>
    <ClCompile Include="src\main.cpp">
      <Filter>source</Filter>
    </ClCompile>
    <ClCompile Include="src\model_params.cpp">
      <Filter>source</Filter>
    </ClCompile>
    <ClCompile Include="src\print.cpp">
      <Filter>source</Filter>
    </ClCompile>
    <ClCompile Include="src\report_writer.cpp">
      <Filter>source</Filter>
    </ClCompile>
    <ClCompile Include="src\score_calculator.cpp">
      <Filter>source</Filter>
    </ClCompile>
    <ClCompile Include="src\survivor.cpp">
      <Filter>source</Filter>
    </ClCompile>
  </ItemGroup>
  <ItemGroup>
    <None Include="README.md">
      <Filter>docs_and_data</Filter>
    </None>
    <None Include="data\identityv_scores.xlsx">
      <Filter>docs_and_data</Filter>
    </None>
    <None Include="config\model_params.txt">
      <Filter>docs_and_data</Filter>
    </None>
    <None Include="data\map\088A0EF1C3E93DB67DDF4BCFBF2B9452.jpg">
      <Filter>docs_and_data</Filter>
    </None>
    <None Include="data\map\0C2DBB8832B12683A04CFA399F630268.jpg">
      <Filter>docs_and_data</Filter>
    </None>
    <None Include="data\map\27F8C4A00A2B7D7D5136CB06367DEA92.jpg">
      <Filter>docs_and_data</Filter>
    </None>
    <None Include="data\map\352ECF962A74C2B1709046B9B2062795.jpg">
      <Filter>docs_and_data</Filter>
    </None>
    <None Include="data\map\48A8206C540DD491F364E78C5E6BD285.jpg">
      <Filter>docs_and_data</Filter>
    </None>
    <None Include="data\map\4AAF0BC0C2522B0E9313ABE763EAED26.jpg">
      <Filter>docs_and_data</Filter>
    </None>
    <None Include="data\map\53FDD64D9D62B7045A5A2D1DCC9C36BA.jpg">
      <Filter>docs_and_data</Filter>
    </None>
    <None Include="data\map\6007118D32747325657A7319694256D1.jpg">
      <Filter>docs_and_data</Filter>
    </None>
    <None Include="data\map\88D08FB9E3CFA9B9F0AA396B5EB12094.jpg">
      <Filter>docs_and_data</Filter>
    </None>
    <None Include="tools\generate_excel.py">
      <Filter>docs_and_data</Filter>
    </None>
    <None Include="tools\generate_map_geometry.py">
      <Filter>docs_and_data</Filter>
    </None>
    <None Include="tools\image_recognition\generate_map_geometry.py">
      <Filter>docs_and_data</Filter>
    </None>
  </ItemGroup>
</Project>



